{
  "name": "stippling",
  "version": "1.0.0",
  "lockfileVersion": 2,
  "requires": true,
  "packages": {
    "": {
      "name": "stippling",
      "version": "1.0.0",
      "license": "ISC",
      "dependencies": {
        "array-blur": "^1.2.1"
      }
    },
    "node_modules/array-blur": {
      "version": "1.2.1",
      "resolved": "https://registry.npmjs.org/array-blur/-/array-blur-1.2.1.tgz",
      "integrity": "sha512-+wdqkF4HGzzGZxIF9mrxOFLH5aOVGTW11CiPSWw/n49WOnfkzapaaI3+eZB4iNX0PHR0PGrvnDX0+GLSwQtRaA=="
    }
  },
  "dependencies": {
    "array-blur": {
      "version": "1.2.1",
      "resolved": "https://registry.npmjs.org/array-blur/-/array-blur-1.2.1.tgz",
      "integrity": "sha512-+wdqkF4HGzzGZxIF9mrxOFLH5aOVGTW11CiPSWw/n49WOnfkzapaaI3+eZB4iNX0PHR0PGrvnDX0+GLSwQtRaA=="
    }
  }
}
